# This file is automatically @generated by Cargo.
# It is not intended for manual editing.
version = 3

[[package]]
name = "ascii"
version = "1.0.0"
source = "registry+https://github.com/rust-lang/crates.io-index"
checksum = "bbf56136a5198c7b01a49e3afcbef6cf84597273d298f54432926024107b0109"

[[package]]
name = "client"
version = "0.1.0"
dependencies = [
 "ascii",
 "message",
]

[[package]]
name = "displaydoc"
version = "0.2.3"
source = "registry+https://github.com/rust-lang/crates.io-index"
checksum = "3bf95dc3f046b9da4f2d51833c0d3547d8564ef6910f5c1ed130306a75b92886"
dependencies = [
 "proc-macro2",
 "quote",
 "syn",
]

[[package]]
name = "enumn"
version = "0.1.5"
source = "registry+https://github.com/rust-lang/crates.io-index"
checksum = "038b1afa59052df211f9efd58f8b1d84c242935ede1c3dbaed26b018a9e06ae2"
dependencies = [
 "proc-macro2",
 "quote",
 "syn",
]

[[package]]
name = "message"
version = "0.1.0"
dependencies = [
 "ascii",
 "displaydoc",
 "enumn",
]

[[package]]
name = "proc-macro2"
version = "1.0.43"
source = "registry+https://github.com/rust-lang/crates.io-index"
checksum = "0a2ca2c61bc9f3d74d2886294ab7b9853abd9c1ad903a3ac7815c58989bb7bab"
dependencies = [
 "unicode-ident",
]

[[package]]
name = "quote"
version = "1.0.21"
source = "registry+https://github.com/rust-lang/crates.io-index"
checksum = "bbe448f377a7d6961e30f5955f9b8d106c3f5e449d493ee1b125c1d43c2b5179"
dependencies = [
 "proc-macro2",
]

[[package]]
name = "server"
version = "0.1.0"
dependencies = [
 "ascii",
 "message",
]

[[package]]
name = "syn"
version = "1.0.99"
source = "registry+https://github.com/rust-lang/crates.io-index"
checksum = "58dbef6ec655055e20b86b15a8cc6d439cca19b667537ac6a1369572d151ab13"
dependencies = [
 "proc-macro2",
 "quote",
 "unicode-ident",
]

[[package]]
name = "unicode-ident"
version = "1.0.3"
source = "registry+https://github.com/rust-lang/crates.io-index"
checksum = "c4f5b37a154999a8f3f98cc23a628d850e154479cd94decf3414696e12e31aaf"
